
Microsoft Visual Studio Solution File, Format Version 12.00
# Visual Studio Version 17
VisualStudioVersion = 17.7.34202.233
MinimumVisualStudioVersion = 10.0.40219.1
Project("{9A19103F-16F7-4668-BE54-9A1E7A4F7556}") = "e4Assesment", "e4Assesment\e4Assesment.csproj", "{CBB59710-081D-4210-9D02-1B2181351ECE}"
EndProject
Project("{FAE04EC0-301F-11D3-BF4B-00C04F79EFBC}") = "TestStringCalculator", "TestStringCalculator\TestStringCalculator.csproj", "{2BE4A400-3B0A-411A-A205-98B5B65E95AD}"
EndProject
Global
	GlobalSection(SolutionConfigurationPlatforms) = preSolution
		Debug|Any CPU = Debug|Any CPU
		Release|Any CPU = Release|Any CPU
	EndGlobalSection
	GlobalSection(ProjectConfigurationPlatforms) = postSolution
		{CBB59710-081D-4210-9D02-1B2181351ECE}.Debug|Any CPU.ActiveCfg = Debug|Any CPU
		{CBB59710-081D-4210-9D02-1B2181351ECE}.Debug|Any CPU.Build.0 = Debug|Any CPU
		{CBB59710-081D-4210-9D02-1B2181351ECE}.Release|Any CPU.ActiveCfg = Release|Any CPU
		{CBB59710-081D-4210-9D02-1B2181351ECE}.Release|Any CPU.Build.0 = Release|Any CPU
		{2BE4A400-3B0A-411A-A205-98B5B65E95AD}.Debug|Any CPU.ActiveCfg = Debug|Any CPU
		{2BE4A400-3B0A-411A-A205-98B5B65E95AD}.Debug|Any CPU.Build.0 = Debug|Any CPU
		{2BE4A400-3B0A-411A-A205-98B5B65E95AD}.Release|Any CPU.ActiveCfg = Release|Any CPU
		{2BE4A400-3B0A-411A-A205-98B5B65E95AD}.Release|Any CPU.Build.0 = Release|Any CPU
	EndGlobalSection
	GlobalSection(SolutionProperties) = preSolution
		HideSolutionNode = FALSE
	EndGlobalSection
	GlobalSection(ExtensibilityGlobals) = postSolution
		SolutionGuid = {238045D0-341F-46DD-B3B7-CEC9142A4184}
	EndGlobalSection
EndGlobal
